
Microsoft Visual Studio Solution File, Format Version 12.00
# Visual Studio Version 16
VisualStudioVersion = 16.0.30204.135
MinimumVisualStudioVersion = 10.0.40219.1
Project("{FAE04EC0-301F-11D3-BF4B-00C04F79EFBC}") = "Bilgi_Yarismasi", "Bilgi_Yarismasi.csproj", "{45E9C207-980C-4B7E-8247-8F6FC7287C1E}"
EndProject
Global
	GlobalSection(SolutionConfigurationPlatforms) = preSolution
		Debug|Any CPU = Debug|Any CPU
		Release|Any CPU = Release|Any CPU
	EndGlobalSection
	GlobalSection(ProjectConfigurationPlatforms) = postSolution
		{45E9C207-980C-4B7E-8247-8F6FC7287C1E}.Debug|Any CPU.ActiveCfg = Debug|Any CPU
		{45E9C207-980C-4B7E-8247-8F6FC7287C1E}.Debug|Any CPU.Build.0 = Debug|Any CPU
		{45E9C207-980C-4B7E-8247-8F6FC7287C1E}.Release|Any CPU.ActiveCfg = Release|Any CPU
		{45E9C207-980C-4B7E-8247-8F6FC7287C1E}.Release|Any CPU.Build.0 = Release|Any CPU
	EndGlobalSection
	GlobalSection(SolutionProperties) = preSolution
		HideSolutionNode = FALSE
	EndGlobalSection
	GlobalSection(ExtensibilityGlobals) = postSolution
		SolutionGuid = {06652730-9848-4CE0-950B-0A6C3307B686}
	EndGlobalSection
EndGlobal
